// !$*UTF8*$!
{
	archiveVersion = 1;
	classes = {
	};
	objectVersion = 50;
	objects = {

/* Begin PBXBuildFile section */
		436D1B416082F55412A9D14F /* Pods_RGEditPicture.framework in Frameworks */ = {isa = PBXBuildFile; fileRef = 7AF6B2E07A68A31FEA9025B0 /* Pods_RGEditPicture.framework */; };
		BC292881641D5D5C559ABA99 /* Pods_RGEditPictureTests.framework in Frameworks */ = {isa = PBXBuildFile; fileRef = 5E78D43B4F79BF7DF3108054 /* Pods_RGEditPictureTests.framework */; };
		CBED48FC212310FB00ABF4AA /* AppDelegate.m in Sources */ = {isa = PBXBuildFile; fileRef = CBED48FB212310FB00ABF4AA /* AppDelegate.m */; };
		CBED48FF212310FB00ABF4AA /* ViewController.m in Sources */ = {isa = PBXBuildFile; fileRef = CBED48FE212310FB00ABF4AA /* ViewController.m */; };
		CBED4902212310FB00ABF4AA /* Main.storyboard in Resources */ = {isa = PBXBuildFile; fileRef = CBED4900212310FB00ABF4AA /* Main.storyboard */; };
		CBED4904212310FD00ABF4AA /* Assets.xcassets in Resources */ = {isa = PBXBuildFile; fileRef = CBED4903212310FD00ABF4AA /* Assets.xcassets */; };
		CBED4907212310FD00ABF4AA /* LaunchScreen.storyboard in Resources */ = {isa = PBXBuildFile; fileRef = CBED4905212310FD00ABF4AA /* LaunchScreen.storyboard */; };
		CBED490A212310FD00ABF4AA /* main.m in Sources */ = {isa = PBXBuildFile; fileRef = CBED4909212310FD00ABF4AA /* main.m */; };
		CBED4914212310FD00ABF4AA /* RGEditPictureTests.m in Sources */ = {isa = PBXBuildFile; fileRef = CBED4913212310FD00ABF4AA /* RGEditPictureTests.m */; };
		CBED491F212310FD00ABF4AA /* RGEditPictureUITests.m in Sources */ = {isa = PBXBuildFile; fileRef = CBED491E212310FD00ABF4AA /* RGEditPictureUITests.m */; };
		CBED494B212319E600ABF4AA /* RGEditPhotosVC.m in Sources */ = {isa = PBXBuildFile; fileRef = CBED4936212319E600ABF4AA /* RGEditPhotosVC.m */; };
		CBED494C212319E600ABF4AA /* RGTagViewController.m in Sources */ = {isa = PBXBuildFile; fileRef = CBED4938212319E600ABF4AA /* RGTagViewController.m */; };
		CBED494F212319E600ABF4AA /* RGPhotoImagePickerController.m in Sources */ = {isa = PBXBuildFile; fileRef = CBED4940212319E600ABF4AA /* RGPhotoImagePickerController.m */; };
		CBED4950212319E600ABF4AA /* RGEditPhotoTagVC.m in Sources */ = {isa = PBXBuildFile; fileRef = CBED4941212319E600ABF4AA /* RGEditPhotoTagVC.m */; };
		CBED4951212319E600ABF4AA /* RGVideoImagePickerController.m in Sources */ = {isa = PBXBuildFile; fileRef = CBED4942212319E600ABF4AA /* RGVideoImagePickerController.m */; };
		CBED4952212319E600ABF4AA /* RGMediaTabBarController.m in Sources */ = {isa = PBXBuildFile; fileRef = CBED4945212319E600ABF4AA /* RGMediaTabBarController.m */; };
		CBED4953212319E600ABF4AA /* RGEditVideoVC.m in Sources */ = {isa = PBXBuildFile; fileRef = CBED4946212319E600ABF4AA /* RGEditVideoVC.m */; };
		CBED4954212319E600ABF4AA /* LxGridViewFlowLayout.m in Sources */ = {isa = PBXBuildFile; fileRef = CBED4947212319E600ABF4AA /* LxGridViewFlowLayout.m */; };
		CBED4955212319E600ABF4AA /* RGEditPhotoStickerVC.m in Sources */ = {isa = PBXBuildFile; fileRef = CBED4948212319E600ABF4AA /* RGEditPhotoStickerVC.m */; };
		CBED4956212319E600ABF4AA /* RGEditPhotosModel.m in Sources */ = {isa = PBXBuildFile; fileRef = CBED494A212319E600ABF4AA /* RGEditPhotosModel.m */; };
		CBED496B21231A4100ABF4AA /* ZYTagInfo.m in Sources */ = {isa = PBXBuildFile; fileRef = CBED495821231A4100ABF4AA /* ZYTagInfo.m */; };
		CBED496C21231A4100ABF4AA /* UIImage+PLSClip.m in Sources */ = {isa = PBXBuildFile; fileRef = CBED495A21231A4100ABF4AA /* UIImage+PLSClip.m */; };
		CBED496D21231A4100ABF4AA /* UIView+ZYTagView.m in Sources */ = {isa = PBXBuildFile; fileRef = CBED495D21231A4100ABF4AA /* UIView+ZYTagView.m */; };
		CBED496E21231A4100ABF4AA /* RGEditPhotoTagsView.m in Sources */ = {isa = PBXBuildFile; fileRef = CBED496121231A4100ABF4AA /* RGEditPhotoTagsView.m */; };
		CBED496F21231A4100ABF4AA /* ZYTagView.m in Sources */ = {isa = PBXBuildFile; fileRef = CBED496321231A4100ABF4AA /* ZYTagView.m */; };
		CBED497021231A4100ABF4AA /* RGRecordVideoFunctionView.m in Sources */ = {isa = PBXBuildFile; fileRef = CBED496521231A4100ABF4AA /* RGRecordVideoFunctionView.m */; };
		CBED497121231A4100ABF4AA /* RGAddRelatedProductCell.m in Sources */ = {isa = PBXBuildFile; fileRef = CBED496621231A4100ABF4AA /* RGAddRelatedProductCell.m */; };
		CBED497221231A4100ABF4AA /* RGEditPhotoView.m in Sources */ = {isa = PBXBuildFile; fileRef = CBED496821231A4100ABF4AA /* RGEditPhotoView.m */; };
		CBED497321231A4100ABF4AA /* PLSClipMovieView.m in Sources */ = {isa = PBXBuildFile; fileRef = CBED496A21231A4100ABF4AA /* PLSClipMovieView.m */; };
		CBED499E212323E600ABF4AA /* LICENSE in Resources */ = {isa = PBXBuildFile; fileRef = CBED497D212323E600ABF4AA /* LICENSE */; };
		CBED499F212323E600ABF4AA /* TZImageCropManager.m in Sources */ = {isa = PBXBuildFile; fileRef = CBED4982212323E600ABF4AA /* TZImageCropManager.m */; };
		CBED49A0212323E600ABF4AA /* TZAssetCell.m in Sources */ = {isa = PBXBuildFile; fileRef = CBED4984212323E600ABF4AA /* TZAssetCell.m */; };
		CBED49A1212323E600ABF4AA /* TZVideoPlayerController.m in Sources */ = {isa = PBXBuildFile; fileRef = CBED4985212323E600ABF4AA /* TZVideoPlayerController.m */; };
		CBED49A2212323E600ABF4AA /* TZAssetModel.m in Sources */ = {isa = PBXBuildFile; fileRef = CBED4986212323E600ABF4AA /* TZAssetModel.m */; };
		CBED49A3212323E600ABF4AA /* NSBundle+TZImagePicker.m in Sources */ = {isa = PBXBuildFile; fileRef = CBED4987212323E600ABF4AA /* NSBundle+TZImagePicker.m */; };
		CBED49A4212323E600ABF4AA /* UIView+Layout.m in Sources */ = {isa = PBXBuildFile; fileRef = CBED498A212323E600ABF4AA /* UIView+Layout.m */; };
		CBED49A5212323E600ABF4AA /* TZPhotoPreviewController.m in Sources */ = {isa = PBXBuildFile; fileRef = CBED498B212323E600ABF4AA /* TZPhotoPreviewController.m */; };
		CBED49A6212323E600ABF4AA /* TZImagePickerController.bundle in Resources */ = {isa = PBXBuildFile; fileRef = CBED498C212323E600ABF4AA /* TZImagePickerController.bundle */; };
		CBED49A7212323E600ABF4AA /* TZProgressView.m in Sources */ = {isa = PBXBuildFile; fileRef = CBED498D212323E600ABF4AA /* TZProgressView.m */; };
		CBED49A8212323E600ABF4AA /* TZImageManager.m in Sources */ = {isa = PBXBuildFile; fileRef = CBED4990212323E600ABF4AA /* TZImageManager.m */; };
		CBED49A9212323E600ABF4AA /* TZPhotoPickerController.m in Sources */ = {isa = PBXBuildFile; fileRef = CBED4992212323E600ABF4AA /* TZPhotoPickerController.m */; };
		CBED49AA212323E600ABF4AA /* TZPhotoPreviewCell.m in Sources */ = {isa = PBXBuildFile; fileRef = CBED4993212323E600ABF4AA /* TZPhotoPreviewCell.m */; };
		CBED49AB212323E600ABF4AA /* TZImagePickerController.m in Sources */ = {isa = PBXBuildFile; fileRef = CBED4999212323E600ABF4AA /* TZImagePickerController.m */; };
		CBED49AC212323E600ABF4AA /* TZLocationManager.m in Sources */ = {isa = PBXBuildFile; fileRef = CBED499A212323E600ABF4AA /* TZLocationManager.m */; };
		CBED49AD212323E600ABF4AA /* TZGifPhotoPreviewController.m in Sources */ = {isa = PBXBuildFile; fileRef = CBED499B212323E600ABF4AA /* TZGifPhotoPreviewController.m */; };
		CBED49AE212323E600ABF4AA /* README.md in Resources */ = {isa = PBXBuildFile; fileRef = CBED499D212323E600ABF4AA /* README.md */; };
		CBED49B421232C9D00ABF4AA /* BeautyPophotoItem.m in Sources */ = {isa = PBXBuildFile; fileRef = CBED49B321232C9D00ABF4AA /* BeautyPophotoItem.m */; };
/* End PBXBuildFile section */

/* Begin PBXContainerItemProxy section */
		CBED4910212310FD00ABF4AA /* PBXContainerItemProxy */ = {
			isa = PBXContainerItemProxy;
			containerPortal = CBED48EF212310FB00ABF4AA /* Project object */;
			proxyType = 1;
			remoteGlobalIDString = CBED48F6212310FB00ABF4AA;
			remoteInfo = RGEditPicture;
		};
		CBED491B212310FD00ABF4AA /* PBXContainerItemProxy */ = {
			isa = PBXContainerItemProxy;
			containerPortal = CBED48EF212310FB00ABF4AA /* Project object */;
			proxyType = 1;
			remoteGlobalIDString = CBED48F6212310FB00ABF4AA;
			remoteInfo = RGEditPicture;
		};
/* End PBXContainerItemProxy section */

/* Begin PBXFileReference section */
		1F4FA717452F81E14A670F29 /* Pods-RGEditPicture.release.xcconfig */ = {isa = PBXFileReference; includeInIndex = 1; lastKnownFileType = text.xcconfig; name = "Pods-RGEditPicture.release.xcconfig"; path = "Pods/Target Support Files/Pods-RGEditPicture/Pods-RGEditPicture.release.xcconfig"; sourceTree = "<group>"; };
		5E78D43B4F79BF7DF3108054 /* Pods_RGEditPictureTests.framework */ = {isa = PBXFileReference; explicitFileType = wrapper.framework; includeInIndex = 0; path = Pods_RGEditPictureTests.framework; sourceTree = BUILT_PRODUCTS_DIR; };
		7AF6B2E07A68A31FEA9025B0 /* Pods_RGEditPicture.framework */ = {isa = PBXFileReference; explicitFileType = wrapper.framework; includeInIndex = 0; path = Pods_RGEditPicture.framework; sourceTree = BUILT_PRODUCTS_DIR; };
		842DFCCB7109C372959D988D /* Pods-RGEditPictureTests.debug.xcconfig */ = {isa = PBXFileReference; includeInIndex = 1; lastKnownFileType = text.xcconfig; name = "Pods-RGEditPictureTests.debug.xcconfig"; path = "Pods/Target Support Files/Pods-RGEditPictureTests/Pods-RGEditPictureTests.debug.xcconfig"; sourceTree = "<group>"; };
		CBED48F7212310FB00ABF4AA /* RGEditPicture.app */ = {isa = PBXFileReference; explicitFileType = wrapper.application; includeInIndex = 0; path = RGEditPicture.app; sourceTree = BUILT_PRODUCTS_DIR; };
		CBED48FA212310FB00ABF4AA /* AppDelegate.h */ = {isa = PBXFileReference; lastKnownFileType = sourcecode.c.h; path = AppDelegate.h; sourceTree = "<group>"; };
		CBED48FB212310FB00ABF4AA /* AppDelegate.m */ = {isa = PBXFileReference; lastKnownFileType = sourcecode.c.objc; path = AppDelegate.m; sourceTree = "<group>"; };
		CBED48FD212310FB00ABF4AA /* ViewController.h */ = {isa = PBXFileReference; lastKnownFileType = sourcecode.c.h; path = ViewController.h; sourceTree = "<group>"; };
		CBED48FE212310FB00ABF4AA /* ViewController.m */ = {isa = PBXFileReference; lastKnownFileType = sourcecode.c.objc; path = ViewController.m; sourceTree = "<group>"; };
		CBED4901212310FB00ABF4AA /* Base */ = {isa = PBXFileReference; lastKnownFileType = file.storyboard; name = Base; path = Base.lproj/Main.storyboard; sourceTree = "<group>"; };
		CBED4903212310FD00ABF4AA /* Assets.xcassets */ = {isa = PBXFileReference; lastKnownFileType = folder.assetcatalog; path = Assets.xcassets; sourceTree = "<group>"; };
		CBED4906212310FD00ABF4AA /* Base */ = {isa = PBXFileReference; lastKnownFileType = file.storyboard; name = Base; path = Base.lproj/LaunchScreen.storyboard; sourceTree = "<group>"; };
		CBED4908212310FD00ABF4AA /* Info.plist */ = {isa = PBXFileReference; lastKnownFileType = text.plist.xml; path = Info.plist; sourceTree = "<group>"; };
		CBED4909212310FD00ABF4AA /* main.m */ = {isa = PBXFileReference; lastKnownFileType = sourcecode.c.objc; path = main.m; sourceTree = "<group>"; };
		CBED490F212310FD00ABF4AA /* RGEditPictureTests.xctest */ = {isa = PBXFileReference; explicitFileType = wrapper.cfbundle; includeInIndex = 0; path = RGEditPictureTests.xctest; sourceTree = BUILT_PRODUCTS_DIR; };
		CBED4913212310FD00ABF4AA /* RGEditPictureTests.m */ = {isa = PBXFileReference; lastKnownFileType = sourcecode.c.objc; path = RGEditPictureTests.m; sourceTree = "<group>"; };
		CBED4915212310FD00ABF4AA /* Info.plist */ = {isa = PBXFileReference; lastKnownFileType = text.plist.xml; path = Info.plist; sourceTree = "<group>"; };
		CBED491A212310FD00ABF4AA /* RGEditPictureUITests.xctest */ = {isa = PBXFileReference; explicitFileType = wrapper.cfbundle; includeInIndex = 0; path = RGEditPictureUITests.xctest; sourceTree = BUILT_PRODUCTS_DIR; };
		CBED491E212310FD00ABF4AA /* RGEditPictureUITests.m */ = {isa = PBXFileReference; lastKnownFileType = sourcecode.c.objc; path = RGEditPictureUITests.m; sourceTree = "<group>"; };
		CBED4920212310FD00ABF4AA /* Info.plist */ = {isa = PBXFileReference; lastKnownFileType = text.plist.xml; path = Info.plist; sourceTree = "<group>"; };
		CBED4932212319E600ABF4AA /* RGVideoImagePickerController.h */ = {isa = PBXFileReference; fileEncoding = 4; lastKnownFileType = sourcecode.c.h; path = RGVideoImagePickerController.h; sourceTree = "<group>"; };
		CBED4933212319E600ABF4AA /* RGEditPhotoTagVC.h */ = {isa = PBXFileReference; fileEncoding = 4; lastKnownFileType = sourcecode.c.h; path = RGEditPhotoTagVC.h; sourceTree = "<group>"; };
		CBED4934212319E600ABF4AA /* RGPhotoImagePickerController.h */ = {isa = PBXFileReference; fileEncoding = 4; lastKnownFileType = sourcecode.c.h; path = RGPhotoImagePickerController.h; sourceTree = "<group>"; };
		CBED4936212319E600ABF4AA /* RGEditPhotosVC.m */ = {isa = PBXFileReference; fileEncoding = 4; lastKnownFileType = sourcecode.c.objc; path = RGEditPhotosVC.m; sourceTree = "<group>"; };
		CBED4938212319E600ABF4AA /* RGTagViewController.m */ = {isa = PBXFileReference; fileEncoding = 4; lastKnownFileType = sourcecode.c.objc; path = RGTagViewController.m; sourceTree = "<group>"; };
		CBED4939212319E600ABF4AA /* RGMediaTabBarController.h */ = {isa = PBXFileReference; fileEncoding = 4; lastKnownFileType = sourcecode.c.h; path = RGMediaTabBarController.h; sourceTree = "<group>"; };
		CBED493A212319E600ABF4AA /* RGEditPhotosModel.h */ = {isa = PBXFileReference; fileEncoding = 4; lastKnownFileType = sourcecode.c.h; path = RGEditPhotosModel.h; sourceTree = "<group>"; };
		CBED493C212319E600ABF4AA /* RGEditPhotoStickerVC.h */ = {isa = PBXFileReference; fileEncoding = 4; lastKnownFileType = sourcecode.c.h; path = RGEditPhotoStickerVC.h; sourceTree = "<group>"; };
		CBED493D212319E600ABF4AA /* LxGridViewFlowLayout.h */ = {isa = PBXFileReference; fileEncoding = 4; lastKnownFileType = sourcecode.c.h; path = LxGridViewFlowLayout.h; sourceTree = "<group>"; };
		CBED493E212319E600ABF4AA /* RGEditVideoVC.h */ = {isa = PBXFileReference; fileEncoding = 4; lastKnownFileType = sourcecode.c.h; path = RGEditVideoVC.h; sourceTree = "<group>"; };
		CBED4940212319E600ABF4AA /* RGPhotoImagePickerController.m */ = {isa = PBXFileReference; fileEncoding = 4; lastKnownFileType = sourcecode.c.objc; path = RGPhotoImagePickerController.m; sourceTree = "<group>"; };
		CBED4941212319E600ABF4AA /* RGEditPhotoTagVC.m */ = {isa = PBXFileReference; fileEncoding = 4; lastKnownFileType = sourcecode.c.objc; path = RGEditPhotoTagVC.m; sourceTree = "<group>"; };
		CBED4942212319E600ABF4AA /* RGVideoImagePickerController.m */ = {isa = PBXFileReference; fileEncoding = 4; lastKnownFileType = sourcecode.c.objc; path = RGVideoImagePickerController.m; sourceTree = "<group>"; };
		CBED4943212319E600ABF4AA /* RGTagViewController.h */ = {isa = PBXFileReference; fileEncoding = 4; lastKnownFileType = sourcecode.c.h; path = RGTagViewController.h; sourceTree = "<group>"; };
		CBED4944212319E600ABF4AA /* RGEditPhotosVC.h */ = {isa = PBXFileReference; fileEncoding = 4; lastKnownFileType = sourcecode.c.h; path = RGEditPhotosVC.h; sourceTree = "<group>"; };
		CBED4945212319E600ABF4AA /* RGMediaTabBarController.m */ = {isa = PBXFileReference; fileEncoding = 4; lastKnownFileType = sourcecode.c.objc; path = RGMediaTabBarController.m; sourceTree = "<group>"; };
		CBED4946212319E600ABF4AA /* RGEditVideoVC.m */ = {isa = PBXFileReference; fileEncoding = 4; lastKnownFileType = sourcecode.c.objc; path = RGEditVideoVC.m; sourceTree = "<group>"; };
		CBED4947212319E600ABF4AA /* LxGridViewFlowLayout.m */ = {isa = PBXFileReference; fileEncoding = 4; lastKnownFileType = sourcecode.c.objc; path = LxGridViewFlowLayout.m; sourceTree = "<group>"; };
		CBED4948212319E600ABF4AA /* RGEditPhotoStickerVC.m */ = {isa = PBXFileReference; fileEncoding = 4; lastKnownFileType = sourcecode.c.objc; path = RGEditPhotoStickerVC.m; sourceTree = "<group>"; };
		CBED494A212319E600ABF4AA /* RGEditPhotosModel.m */ = {isa = PBXFileReference; fileEncoding = 4; lastKnownFileType = sourcecode.c.objc; path = RGEditPhotosModel.m; sourceTree = "<group>"; };
		CBED495821231A4100ABF4AA /* ZYTagInfo.m */ = {isa = PBXFileReference; fileEncoding = 4; lastKnownFileType = sourcecode.c.objc; path = ZYTagInfo.m; sourceTree = "<group>"; };
		CBED495921231A4100ABF4AA /* RGRecordVideoFunctionView.h */ = {isa = PBXFileReference; fileEncoding = 4; lastKnownFileType = sourcecode.c.h; path = RGRecordVideoFunctionView.h; sourceTree = "<group>"; };
		CBED495A21231A4100ABF4AA /* UIImage+PLSClip.m */ = {isa = PBXFileReference; fileEncoding = 4; lastKnownFileType = sourcecode.c.objc; path = "UIImage+PLSClip.m"; sourceTree = "<group>"; };
		CBED495B21231A4100ABF4AA /* ZYTagView.h */ = {isa = PBXFileReference; fileEncoding = 4; lastKnownFileType = sourcecode.c.h; path = ZYTagView.h; sourceTree = "<group>"; };
		CBED495C21231A4100ABF4AA /* RGEditPhotoView.h */ = {isa = PBXFileReference; fileEncoding = 4; lastKnownFileType = sourcecode.c.h; path = RGEditPhotoView.h; sourceTree = "<group>"; };
		CBED495D21231A4100ABF4AA /* UIView+ZYTagView.m */ = {isa = PBXFileReference; fileEncoding = 4; lastKnownFileType = sourcecode.c.objc; path = "UIView+ZYTagView.m"; sourceTree = "<group>"; };
		CBED495E21231A4100ABF4AA /* RGAddRelatedProductCell.h */ = {isa = PBXFileReference; fileEncoding = 4; lastKnownFileType = sourcecode.c.h; path = RGAddRelatedProductCell.h; sourceTree = "<group>"; };
		CBED495F21231A4100ABF4AA /* PLSClipMovieView.h */ = {isa = PBXFileReference; fileEncoding = 4; lastKnownFileType = sourcecode.c.h; path = PLSClipMovieView.h; sourceTree = "<group>"; };
		CBED496021231A4100ABF4AA /* RGRecordVideoBottomView.h */ = {isa = PBXFileReference; fileEncoding = 4; lastKnownFileType = sourcecode.c.h; path = RGRecordVideoBottomView.h; sourceTree = "<group>"; };
		CBED496121231A4100ABF4AA /* RGEditPhotoTagsView.m */ = {isa = PBXFileReference; fileEncoding = 4; lastKnownFileType = sourcecode.c.objc; path = RGEditPhotoTagsView.m; sourceTree = "<group>"; };
		CBED496221231A4100ABF4AA /* ZYTagInfo.h */ = {isa = PBXFileReference; fileEncoding = 4; lastKnownFileType = sourcecode.c.h; path = ZYTagInfo.h; sourceTree = "<group>"; };
		CBED496321231A4100ABF4AA /* ZYTagView.m */ = {isa = PBXFileReference; fileEncoding = 4; lastKnownFileType = sourcecode.c.objc; path = ZYTagView.m; sourceTree = "<group>"; };
		CBED496421231A4100ABF4AA /* UIImage+PLSClip.h */ = {isa = PBXFileReference; fileEncoding = 4; lastKnownFileType = sourcecode.c.h; path = "UIImage+PLSClip.h"; sourceTree = "<group>"; };
		CBED496521231A4100ABF4AA /* RGRecordVideoFunctionView.m */ = {isa = PBXFileReference; fileEncoding = 4; lastKnownFileType = sourcecode.c.objc; path = RGRecordVideoFunctionView.m; sourceTree = "<group>"; };
		CBED496621231A4100ABF4AA /* RGAddRelatedProductCell.m */ = {isa = PBXFileReference; fileEncoding = 4; lastKnownFileType = sourcecode.c.objc; path = RGAddRelatedProductCell.m; sourceTree = "<group>"; };
		CBED496721231A4100ABF4AA /* UIView+ZYTagView.h */ = {isa = PBXFileReference; fileEncoding = 4; lastKnownFileType = sourcecode.c.h; path = "UIView+ZYTagView.h"; sourceTree = "<group>"; };
		CBED496821231A4100ABF4AA /* RGEditPhotoView.m */ = {isa = PBXFileReference; fileEncoding = 4; lastKnownFileType = sourcecode.c.objc; path = RGEditPhotoView.m; sourceTree = "<group>"; };
		CBED496921231A4100ABF4AA /* RGEditPhotoTagsView.h */ = {isa = PBXFileReference; fileEncoding = 4; lastKnownFileType = sourcecode.c.h; path = RGEditPhotoTagsView.h; sourceTree = "<group>"; };
		CBED496A21231A4100ABF4AA /* PLSClipMovieView.m */ = {isa = PBXFileReference; fileEncoding = 4; lastKnownFileType = sourcecode.c.objc; path = PLSClipMovieView.m; sourceTree = "<group>"; };
		CBED497A2123216000ABF4AA /* PrefixHeader.pch */ = {isa = PBXFileReference; lastKnownFileType = sourcecode.c.h; path = PrefixHeader.pch; sourceTree = "<group>"; };
		CBED497D212323E600ABF4AA /* LICENSE */ = {isa = PBXFileReference; fileEncoding = 4; lastKnownFileType = text; path = LICENSE; sourceTree = "<group>"; };
		CBED4980212323E600ABF4AA /* TZPhotoPreviewCell.h */ = {isa = PBXFileReference; fileEncoding = 4; lastKnownFileType = sourcecode.c.h; path = TZPhotoPreviewCell.h; sourceTree = "<group>"; };
		CBED4981212323E600ABF4AA /* TZPhotoPickerController.h */ = {isa = PBXFileReference; fileEncoding = 4; lastKnownFileType = sourcecode.c.h; path = TZPhotoPickerController.h; sourceTree = "<group>"; };
		CBED4982212323E600ABF4AA /* TZImageCropManager.m */ = {isa = PBXFileReference; fileEncoding = 4; lastKnownFileType = sourcecode.c.objc; path = TZImageCropManager.m; sourceTree = "<group>"; };
		CBED4983212323E600ABF4AA /* TZImageManager.h */ = {isa = PBXFileReference; fileEncoding = 4; lastKnownFileType = sourcecode.c.h; path = TZImageManager.h; sourceTree = "<group>"; };
		CBED4984212323E600ABF4AA /* TZAssetCell.m */ = {isa = PBXFileReference; fileEncoding = 4; lastKnownFileType = sourcecode.c.objc; path = TZAssetCell.m; sourceTree = "<group>"; };
		CBED4985212323E600ABF4AA /* TZVideoPlayerController.m */ = {isa = PBXFileReference; fileEncoding = 4; lastKnownFileType = sourcecode.c.objc; path = TZVideoPlayerController.m; sourceTree = "<group>"; };
		CBED4986212323E600ABF4AA /* TZAssetModel.m */ = {isa = PBXFileReference; fileEncoding = 4; lastKnownFileType = sourcecode.c.objc; path = TZAssetModel.m; sourceTree = "<group>"; };
		CBED4987212323E600ABF4AA /* NSBundle+TZImagePicker.m */ = {isa = PBXFileReference; fileEncoding = 4; lastKnownFileType = sourcecode.c.objc; path = "NSBundle+TZImagePicker.m"; sourceTree = "<group>"; };
		CBED4988212323E600ABF4AA /* TZLocationManager.h */ = {isa = PBXFileReference; fileEncoding = 4; lastKnownFileType = sourcecode.c.h; path = TZLocationManager.h; sourceTree = "<group>"; };
		CBED4989212323E600ABF4AA /* TZImagePickerController.h */ = {isa = PBXFileReference; fileEncoding = 4; lastKnownFileType = sourcecode.c.h; path = TZImagePickerController.h; sourceTree = "<group>"; };
		CBED498A212323E600ABF4AA /* UIView+Layout.m */ = {isa = PBXFileReference; fileEncoding = 4; lastKnownFileType = sourcecode.c.objc; path = "UIView+Layout.m"; sourceTree = "<group>"; };
		CBED498B212323E600ABF4AA /* TZPhotoPreviewController.m */ = {isa = PBXFileReference; fileEncoding = 4; lastKnownFileType = sourcecode.c.objc; path = TZPhotoPreviewController.m; sourceTree = "<group>"; };
		CBED498C212323E600ABF4AA /* TZImagePickerController.bundle */ = {isa = PBXFileReference; lastKnownFileType = "wrapper.plug-in"; path = TZImagePickerController.bundle; sourceTree = "<group>"; };
		CBED498D212323E600ABF4AA /* TZProgressView.m */ = {isa = PBXFileReference; fileEncoding = 4; lastKnownFileType = sourcecode.c.objc; path = TZProgressView.m; sourceTree = "<group>"; };
		CBED498E212323E600ABF4AA /* TZGifPhotoPreviewController.h */ = {isa = PBXFileReference; fileEncoding = 4; lastKnownFileType = sourcecode.c.h; path = TZGifPhotoPreviewController.h; sourceTree = "<group>"; };
		CBED498F212323E600ABF4AA /* TZAssetCell.h */ = {isa = PBXFileReference; fileEncoding = 4; lastKnownFileType = sourcecode.c.h; path = TZAssetCell.h; sourceTree = "<group>"; };
		CBED4990212323E600ABF4AA /* TZImageManager.m */ = {isa = PBXFileReference; fileEncoding = 4; lastKnownFileType = sourcecode.c.objc; path = TZImageManager.m; sourceTree = "<group>"; };
		CBED4991212323E600ABF4AA /* TZImageCropManager.h */ = {isa = PBXFileReference; fileEncoding = 4; lastKnownFileType = sourcecode.c.h; path = TZImageCropManager.h; sourceTree = "<group>"; };
		CBED4992212323E600ABF4AA /* TZPhotoPickerController.m */ = {isa = PBXFileReference; fileEncoding = 4; lastKnownFileType = sourcecode.c.objc; path = TZPhotoPickerController.m; sourceTree = "<group>"; };
		CBED4993212323E600ABF4AA /* TZPhotoPreviewCell.m */ = {isa = PBXFileReference; fileEncoding = 4; lastKnownFileType = sourcecode.c.objc; path = TZPhotoPreviewCell.m; sourceTree = "<group>"; };
		CBED4994212323E600ABF4AA /* NSBundle+TZImagePicker.h */ = {isa = PBXFileReference; fileEncoding = 4; lastKnownFileType = sourcecode.c.h; path = "NSBundle+TZImagePicker.h"; sourceTree = "<group>"; };
		CBED4995212323E600ABF4AA /* TZAssetModel.h */ = {isa = PBXFileReference; fileEncoding = 4; lastKnownFileType = sourcecode.c.h; path = TZAssetModel.h; sourceTree = "<group>"; };
		CBED4996212323E600ABF4AA /* TZVideoPlayerController.h */ = {isa = PBXFileReference; fileEncoding = 4; lastKnownFileType = sourcecode.c.h; path = TZVideoPlayerController.h; sourceTree = "<group>"; };
		CBED4997212323E600ABF4AA /* TZPhotoPreviewController.h */ = {isa = PBXFileReference; fileEncoding = 4; lastKnownFileType = sourcecode.c.h; path = TZPhotoPreviewController.h; sourceTree = "<group>"; };
		CBED4998212323E600ABF4AA /* UIView+Layout.h */ = {isa = PBXFileReference; fileEncoding = 4; lastKnownFileType = sourcecode.c.h; path = "UIView+Layout.h"; sourceTree = "<group>"; };
		CBED4999212323E600ABF4AA /* TZImagePickerController.m */ = {isa = PBXFileReference; fileEncoding = 4; lastKnownFileType = sourcecode.c.objc; path = TZImagePickerController.m; sourceTree = "<group>"; };
		CBED499A212323E600ABF4AA /* TZLocationManager.m */ = {isa = PBXFileReference; fileEncoding = 4; lastKnownFileType = sourcecode.c.objc; path = TZLocationManager.m; sourceTree = "<group>"; };
		CBED499B212323E600ABF4AA /* TZGifPhotoPreviewController.m */ = {isa = PBXFileReference; fileEncoding = 4; lastKnownFileType = sourcecode.c.objc; path = TZGifPhotoPreviewController.m; sourceTree = "<group>"; };
		CBED499C212323E600ABF4AA /* TZProgressView.h */ = {isa = PBXFileReference; fileEncoding = 4; lastKnownFileType = sourcecode.c.h; path = TZProgressView.h; sourceTree = "<group>"; };
		CBED499D212323E600ABF4AA /* README.md */ = {isa = PBXFileReference; fileEncoding = 4; lastKnownFileType = net.daringfireball.markdown; path = README.md; sourceTree = "<group>"; };
		CBED49B12123261500ABF4AA /* Config.h */ = {isa = PBXFileReference; lastKnownFileType = sourcecode.c.h; path = Config.h; sourceTree = "<group>"; };
		CBED49B221232C9D00ABF4AA /* BeautyPophotoItem.h */ = {isa = PBXFileReference; lastKnownFileType = sourcecode.c.h; path = BeautyPophotoItem.h; sourceTree = "<group>"; };
		CBED49B321232C9D00ABF4AA /* BeautyPophotoItem.m */ = {isa = PBXFileReference; lastKnownFileType = sourcecode.c.objc; path = BeautyPophotoItem.m; sourceTree = "<group>"; };
		D8D9CD70CB22791B3F60EC7D /* Pods-RGEditPicture.debug.xcconfig */ = {isa = PBXFileReference; includeInIndex = 1; lastKnownFileType = text.xcconfig; name = "Pods-RGEditPicture.debug.xcconfig"; path = "Pods/Target Support Files/Pods-RGEditPicture/Pods-RGEditPicture.debug.xcconfig"; sourceTree = "<group>"; };
		DF1B728C54DCCC9F5B7AED8E /* Pods-RGEditPictureTests.release.xcconfig */ = {isa = PBXFileReference; includeInIndex = 1; lastKnownFileType = text.xcconfig; name = "Pods-RGEditPictureTests.release.xcconfig"; path = "Pods/Target Support Files/Pods-RGEditPictureTests/Pods-RGEditPictureTests.release.xcconfig"; sourceTree = "<group>"; };
/* End PBXFileReference section */

/* Begin PBXFrameworksBuildPhase section */
		CBED48F4212310FB00ABF4AA /* Frameworks */ = {
			isa = PBXFrameworksBuildPhase;
			buildActionMask = 2147483647;
			files = (
				436D1B416082F55412A9D14F /* Pods_RGEditPicture.framework in Frameworks */,
			);
			runOnlyForDeploymentPostprocessing = 0;
		};
		CBED490C212310FD00ABF4AA /* Frameworks */ = {
			isa = PBXFrameworksBuildPhase;
			buildActionMask = 2147483647;
			files = (
				BC292881641D5D5C559ABA99 /* Pods_RGEditPictureTests.framework in Frameworks */,
			);
			runOnlyForDeploymentPostprocessing = 0;
		};
		CBED4917212310FD00ABF4AA /* Frameworks */ = {
			isa = PBXFrameworksBuildPhase;
			buildActionMask = 2147483647;
			files = (
			);
			runOnlyForDeploymentPostprocessing = 0;
		};
/* End PBXFrameworksBuildPhase section */

/* Begin PBXGroup section */
		2B9A94722CE1011B6C158F78 /* Pods */ = {
			isa = PBXGroup;
			children = (
				D8D9CD70CB22791B3F60EC7D /* Pods-RGEditPicture.debug.xcconfig */,
				1F4FA717452F81E14A670F29 /* Pods-RGEditPicture.release.xcconfig */,
				842DFCCB7109C372959D988D /* Pods-RGEditPictureTests.debug.xcconfig */,
				DF1B728C54DCCC9F5B7AED8E /* Pods-RGEditPictureTests.release.xcconfig */,
			);
			name = Pods;
			sourceTree = "<group>";
		};
		5ABCB219A7F2031ECBFD9B0C /* Frameworks */ = {
			isa = PBXGroup;
			children = (
				7AF6B2E07A68A31FEA9025B0 /* Pods_RGEditPicture.framework */,
				5E78D43B4F79BF7DF3108054 /* Pods_RGEditPictureTests.framework */,
			);
			name = Frameworks;
			sourceTree = "<group>";
		};
		CBED48EE212310FB00ABF4AA = {
			isa = PBXGroup;
			children = (
				CBED48F9212310FB00ABF4AA /* RGEditPicture */,
				CBED4912212310FD00ABF4AA /* RGEditPictureTests */,
				CBED491D212310FD00ABF4AA /* RGEditPictureUITests */,
				CBED48F8212310FB00ABF4AA /* Products */,
				2B9A94722CE1011B6C158F78 /* Pods */,
				5ABCB219A7F2031ECBFD9B0C /* Frameworks */,
			);
			sourceTree = "<group>";
		};
		CBED48F8212310FB00ABF4AA /* Products */ = {
			isa = PBXGroup;
			children = (
				CBED48F7212310FB00ABF4AA /* RGEditPicture.app */,
				CBED490F212310FD00ABF4AA /* RGEditPictureTests.xctest */,
				CBED491A212310FD00ABF4AA /* RGEditPictureUITests.xctest */,
			);
			name = Products;
			sourceTree = "<group>";
		};
		CBED48F9212310FB00ABF4AA /* RGEditPicture */ = {
			isa = PBXGroup;
			children = (
				CBED49AF212325D600ABF4AA /* Tools */,
				CBED497B212323AF00ABF4AA /* ThirdLib */,
				CBED4930212317DD00ABF4AA /* Other */,
				CBED492F212317D200ABF4AA /* Model */,
				CBED492E212317C700ABF4AA /* View */,
				CBED492D212317B800ABF4AA /* Controller */,
				CBED48FA212310FB00ABF4AA /* AppDelegate.h */,
				CBED48FB212310FB00ABF4AA /* AppDelegate.m */,
				CBED48FD212310FB00ABF4AA /* ViewController.h */,
				CBED48FE212310FB00ABF4AA /* ViewController.m */,
				CBED4903212310FD00ABF4AA /* Assets.xcassets */,
			);
			path = RGEditPicture;
			sourceTree = "<group>";
		};
		CBED4912212310FD00ABF4AA /* RGEditPictureTests */ = {
			isa = PBXGroup;
			children = (
				CBED4913212310FD00ABF4AA /* RGEditPictureTests.m */,
				CBED4915212310FD00ABF4AA /* Info.plist */,
			);
			path = RGEditPictureTests;
			sourceTree = "<group>";
		};
		CBED491D212310FD00ABF4AA /* RGEditPictureUITests */ = {
			isa = PBXGroup;
			children = (
				CBED491E212310FD00ABF4AA /* RGEditPictureUITests.m */,
				CBED4920212310FD00ABF4AA /* Info.plist */,
			);
			path = RGEditPictureUITests;
			sourceTree = "<group>";
		};
		CBED492D212317B800ABF4AA /* Controller */ = {
			isa = PBXGroup;
			children = (
				CBED4939212319E600ABF4AA /* RGMediaTabBarController.h */,
				CBED4945212319E600ABF4AA /* RGMediaTabBarController.m */,
				CBED4934212319E600ABF4AA /* RGPhotoImagePickerController.h */,
				CBED4940212319E600ABF4AA /* RGPhotoImagePickerController.m */,
				CBED4931212319E600ABF4AA /* RGPoPhoto */,
			);
			path = Controller;
			sourceTree = "<group>";
		};
		CBED492E212317C700ABF4AA /* View */ = {
			isa = PBXGroup;
			children = (
				CBED495721231A4100ABF4AA /* RGPoPhoto */,
			);
			path = View;
			sourceTree = "<group>";
		};
		CBED492F212317D200ABF4AA /* Model */ = {
			isa = PBXGroup;
			children = (
				CBED49B221232C9D00ABF4AA /* BeautyPophotoItem.h */,
				CBED49B321232C9D00ABF4AA /* BeautyPophotoItem.m */,
			);
			path = Model;
			sourceTree = "<group>";
		};
		CBED4930212317DD00ABF4AA /* Other */ = {
			isa = PBXGroup;
			children = (
				CBED4905212310FD00ABF4AA /* LaunchScreen.storyboard */,
				CBED4900212310FB00ABF4AA /* Main.storyboard */,
				CBED4909212310FD00ABF4AA /* main.m */,
				CBED4908212310FD00ABF4AA /* Info.plist */,
				CBED497A2123216000ABF4AA /* PrefixHeader.pch */,
			);
			path = Other;
			sourceTree = "<group>";
		};
		CBED4931212319E600ABF4AA /* RGPoPhoto */ = {
			isa = PBXGroup;
			children = (
				CBED493D212319E600ABF4AA /* LxGridViewFlowLayout.h */,
				CBED4947212319E600ABF4AA /* LxGridViewFlowLayout.m */,
				CBED493A212319E600ABF4AA /* RGEditPhotosModel.h */,
				CBED494A212319E600ABF4AA /* RGEditPhotosModel.m */,
				CBED493C212319E600ABF4AA /* RGEditPhotoStickerVC.h */,
				CBED4948212319E600ABF4AA /* RGEditPhotoStickerVC.m */,
				CBED4944212319E600ABF4AA /* RGEditPhotosVC.h */,
				CBED4936212319E600ABF4AA /* RGEditPhotosVC.m */,
				CBED4933212319E600ABF4AA /* RGEditPhotoTagVC.h */,
				CBED4941212319E600ABF4AA /* RGEditPhotoTagVC.m */,
				CBED493E212319E600ABF4AA /* RGEditVideoVC.h */,
				CBED4946212319E600ABF4AA /* RGEditVideoVC.m */,
				CBED4943212319E600ABF4AA /* RGTagViewController.h */,
				CBED4938212319E600ABF4AA /* RGTagViewController.m */,
				CBED4932212319E600ABF4AA /* RGVideoImagePickerController.h */,
				CBED4942212319E600ABF4AA /* RGVideoImagePickerController.m */,
			);
			path = RGPoPhoto;
			sourceTree = "<group>";
		};
		CBED495721231A4100ABF4AA /* RGPoPhoto */ = {
			isa = PBXGroup;
			children = (
				CBED495F21231A4100ABF4AA /* PLSClipMovieView.h */,
				CBED496A21231A4100ABF4AA /* PLSClipMovieView.m */,
				CBED495E21231A4100ABF4AA /* RGAddRelatedProductCell.h */,
				CBED496621231A4100ABF4AA /* RGAddRelatedProductCell.m */,
				CBED496921231A4100ABF4AA /* RGEditPhotoTagsView.h */,
				CBED496121231A4100ABF4AA /* RGEditPhotoTagsView.m */,
				CBED495C21231A4100ABF4AA /* RGEditPhotoView.h */,
				CBED496821231A4100ABF4AA /* RGEditPhotoView.m */,
				CBED496021231A4100ABF4AA /* RGRecordVideoBottomView.h */,
				CBED495921231A4100ABF4AA /* RGRecordVideoFunctionView.h */,
				CBED496521231A4100ABF4AA /* RGRecordVideoFunctionView.m */,
				CBED496421231A4100ABF4AA /* UIImage+PLSClip.h */,
				CBED495A21231A4100ABF4AA /* UIImage+PLSClip.m */,
				CBED496721231A4100ABF4AA /* UIView+ZYTagView.h */,
				CBED495D21231A4100ABF4AA /* UIView+ZYTagView.m */,
				CBED496221231A4100ABF4AA /* ZYTagInfo.h */,
				CBED495821231A4100ABF4AA /* ZYTagInfo.m */,
				CBED495B21231A4100ABF4AA /* ZYTagView.h */,
				CBED496321231A4100ABF4AA /* ZYTagView.m */,
			);
			path = RGPoPhoto;
			sourceTree = "<group>";
		};
		CBED497B212323AF00ABF4AA /* ThirdLib */ = {
			isa = PBXGroup;
			children = (
				CBED497C212323E600ABF4AA /* TZImagePickerController */,
			);
			path = ThirdLib;
			sourceTree = "<group>";
		};
		CBED497C212323E600ABF4AA /* TZImagePickerController */ = {
			isa = PBXGroup;
			children = (
				CBED497D212323E600ABF4AA /* LICENSE */,
				CBED497E212323E600ABF4AA /* TZImagePickerController */,
				CBED499D212323E600ABF4AA /* README.md */,
			);
			path = TZImagePickerController;
			sourceTree = "<group>";
		};
		CBED497E212323E600ABF4AA /* TZImagePickerController */ = {
			isa = PBXGroup;
			children = (
				CBED497F212323E600ABF4AA /* TZImagePickerController */,
			);
			path = TZImagePickerController;
			sourceTree = "<group>";
		};
		CBED497F212323E600ABF4AA /* TZImagePickerController */ = {
			isa = PBXGroup;
			children = (
				CBED4980212323E600ABF4AA /* TZPhotoPreviewCell.h */,
				CBED4981212323E600ABF4AA /* TZPhotoPickerController.h */,
				CBED4982212323E600ABF4AA /* TZImageCropManager.m */,
				CBED4983212323E600ABF4AA /* TZImageManager.h */,
				CBED4984212323E600ABF4AA /* TZAssetCell.m */,
				CBED4985212323E600ABF4AA /* TZVideoPlayerController.m */,
				CBED4986212323E600ABF4AA /* TZAssetModel.m */,
				CBED4987212323E600ABF4AA /* NSBundle+TZImagePicker.m */,
				CBED4988212323E600ABF4AA /* TZLocationManager.h */,
				CBED4989212323E600ABF4AA /* TZImagePickerController.h */,
				CBED498A212323E600ABF4AA /* UIView+Layout.m */,
				CBED498B212323E600ABF4AA /* TZPhotoPreviewController.m */,
				CBED498C212323E600ABF4AA /* TZImagePickerController.bundle */,
				CBED498D212323E600ABF4AA /* TZProgressView.m */,
				CBED498E212323E600ABF4AA /* TZGifPhotoPreviewController.h */,
				CBED498F212323E600ABF4AA /* TZAssetCell.h */,
				CBED4990212323E600ABF4AA /* TZImageManager.m */,
				CBED4991212323E600ABF4AA /* TZImageCropManager.h */,
				CBED4992212323E600ABF4AA /* TZPhotoPickerController.m */,
				CBED4993212323E600ABF4AA /* TZPhotoPreviewCell.m */,
				CBED4994212323E600ABF4AA /* NSBundle+TZImagePicker.h */,
				CBED4995212323E600ABF4AA /* TZAssetModel.h */,
				CBED4996212323E600ABF4AA /* TZVideoPlayerController.h */,
				CBED4997212323E600ABF4AA /* TZPhotoPreviewController.h */,
				CBED4998212323E600ABF4AA /* UIView+Layout.h */,
				CBED4999212323E600ABF4AA /* TZImagePickerController.m */,
				CBED499A212323E600ABF4AA /* TZLocationManager.m */,
				CBED499B212323E600ABF4AA /* TZGifPhotoPreviewController.m */,
				CBED499C212323E600ABF4AA /* TZProgressView.h */,
			);
			path = TZImagePickerController;
			sourceTree = "<group>";
		};
		CBED49AF212325D600ABF4AA /* Tools */ = {
			isa = PBXGroup;
			children = (
				CBED49B12123261500ABF4AA /* Config.h */,
			);
			path = Tools;
			sourceTree = "<group>";
		};
/* End PBXGroup section */

/* Begin PBXNativeTarget section */
		CBED48F6212310FB00ABF4AA /* RGEditPicture */ = {
			isa = PBXNativeTarget;
			buildConfigurationList = CBED4923212310FD00ABF4AA /* Build configuration list for PBXNativeTarget "RGEditPicture" */;
			buildPhases = (
				8036E0814C2F0AFC050D892D /* [CP] Check Pods Manifest.lock */,
				CBED48F3212310FB00ABF4AA /* Sources */,
				CBED48F4212310FB00ABF4AA /* Frameworks */,
				CBED48F5212310FB00ABF4AA /* Resources */,
				F6DCB2CD8666ECE3324AF61D /* [CP] Embed Pods Frameworks */,
			);
			buildRules = (
			);
			dependencies = (
			);
			name = RGEditPicture;
			productName = RGEditPicture;
			productReference = CBED48F7212310FB00ABF4AA /* RGEditPicture.app */;
			productType = "com.apple.product-type.application";
		};
		CBED490E212310FD00ABF4AA /* RGEditPictureTests */ = {
			isa = PBXNativeTarget;
			buildConfigurationList = CBED4926212310FD00ABF4AA /* Build configuration list for PBXNativeTarget "RGEditPictureTests" */;
			buildPhases = (
				1449F77BD4870D18394693FF /* [CP] Check Pods Manifest.lock */,
				CBED490B212310FD00ABF4AA /* Sources */,
				CBED490C212310FD00ABF4AA /* Frameworks */,
				CBED490D212310FD00ABF4AA /* Resources */,
			);
			buildRules = (
			);
			dependencies = (
				CBED4911212310FD00ABF4AA /* PBXTargetDependency */,
			);
			name = RGEditPictureTests;
			productName = RGEditPictureTests;
			productReference = CBED490F212310FD00ABF4AA /* RGEditPictureTests.xctest */;
			productType = "com.apple.product-type.bundle.unit-test";
		};
		CBED4919212310FD00ABF4AA /* RGEditPictureUITests */ = {
			isa = PBXNativeTarget;
			buildConfigurationList = CBED4929212310FD00ABF4AA /* Build configuration list for PBXNativeTarget "RGEditPictureUITests" */;
			buildPhases = (
				CBED4916212310FD00ABF4AA /* Sources */,
				CBED4917212310FD00ABF4AA /* Frameworks */,
				CBED4918212310FD00ABF4AA /* Resources */,
			);
			buildRules = (
			);
			dependencies = (
				CBED491C212310FD00ABF4AA /* PBXTargetDependency */,
			);
			name = RGEditPictureUITests;
			productName = RGEditPictureUITests;
			productReference = CBED491A212310FD00ABF4AA /* RGEditPictureUITests.xctest */;
			productType = "com.apple.product-type.bundle.ui-testing";
		};
/* End PBXNativeTarget section */

/* Begin PBXProject section */
		CBED48EF212310FB00ABF4AA /* Project object */ = {
			isa = PBXProject;
			attributes = {
				LastUpgradeCheck = 0940;
				ORGANIZATIONNAME = RoyGao;
				TargetAttributes = {
					CBED48F6212310FB00ABF4AA = {
						CreatedOnToolsVersion = 9.4.1;
					};
					CBED490E212310FD00ABF4AA = {
						CreatedOnToolsVersion = 9.4.1;
						TestTargetID = CBED48F6212310FB00ABF4AA;
					};
					CBED4919212310FD00ABF4AA = {
						CreatedOnToolsVersion = 9.4.1;
						TestTargetID = CBED48F6212310FB00ABF4AA;
					};
				};
			};
			buildConfigurationList = CBED48F2212310FB00ABF4AA /* Build configuration list for PBXProject "RGEditPicture" */;
			compatibilityVersion = "Xcode 9.3";
			developmentRegion = en;
			hasScannedForEncodings = 0;
			knownRegions = (
				en,
				Base,
			);
			mainGroup = CBED48EE212310FB00ABF4AA;
			productRefGroup = CBED48F8212310FB00ABF4AA /* Products */;
			projectDirPath = "";
			projectRoot = "";
			targets = (
				CBED48F6212310FB00ABF4AA /* RGEditPicture */,
				CBED490E212310FD00ABF4AA /* RGEditPictureTests */,
				CBED4919212310FD00ABF4AA /* RGEditPictureUITests */,
			);
		};
/* End PBXProject section */

/* Begin PBXResourcesBuildPhase section */
		CBED48F5212310FB00ABF4AA /* Resources */ = {
			isa = PBXResourcesBuildPhase;
			buildActionMask = 2147483647;
			files = (
				CBED49AE212323E600ABF4AA /* README.md in Resources */,
				CBED4907212310FD00ABF4AA /* LaunchScreen.storyboard in Resources */,
				CBED4904212310FD00ABF4AA /* Assets.xcassets in Resources */,
				CBED49A6212323E600ABF4AA /* TZImagePickerController.bundle in Resources */,
				CBED499E212323E600ABF4AA /* LICENSE in Resources */,
				CBED4902212310FB00ABF4AA /* Main.storyboard in Resources */,
			);
			runOnlyForDeploymentPostprocessing = 0;
		};
		CBED490D212310FD00ABF4AA /* Resources */ = {
			isa = PBXResourcesBuildPhase;
			buildActionMask = 2147483647;
			files = (
			);
			runOnlyForDeploymentPostprocessing = 0;
		};
		CBED4918212310FD00ABF4AA /* Resources */ = {
			isa = PBXResourcesBuildPhase;
			buildActionMask = 2147483647;
			files = (
			);
			runOnlyForDeploymentPostprocessing = 0;
		};
/* End PBXResourcesBuildPhase section */

/* Begin PBXShellScriptBuildPhase section */
		1449F77BD4870D18394693FF /* [CP] Check Pods Manifest.lock */ = {
			isa = PBXShellScriptBuildPhase;
			buildActionMask = 2147483647;
			files = (
			);
			inputPaths = (
				"${PODS_PODFILE_DIR_PATH}/Podfile.lock",
				"${PODS_ROOT}/Manifest.lock",
			);
			name = "[CP] Check Pods Manifest.lock";
			outputPaths = (
				"$(DERIVED_FILE_DIR)/Pods-RGEditPictureTests-checkManifestLockResult.txt",
			);
			runOnlyForDeploymentPostprocessing = 0;
			shellPath = /bin/sh;
			shellScript = "diff \"${PODS_PODFILE_DIR_PATH}/Podfile.lock\" \"${PODS_ROOT}/Manifest.lock\" > /dev/null\nif [ $? != 0 ] ; then\n    # print error to STDERR\n    echo \"error: The sandbox is not in sync with the Podfile.lock. Run 'pod install' or update your CocoaPods installation.\" >&2\n    exit 1\nfi\n# This output is used by Xcode 'outputs' to avoid re-running this script phase.\necho \"SUCCESS\" > \"${SCRIPT_OUTPUT_FILE_0}\"\n";
			showEnvVarsInLog = 0;
		};
		8036E0814C2F0AFC050D892D /* [CP] Check Pods Manifest.lock */ = {
			isa = PBXShellScriptBuildPhase;
			buildActionMask = 2147483647;
			files = (
			);
			inputPaths = (
				"${PODS_PODFILE_DIR_PATH}/Podfile.lock",
				"${PODS_ROOT}/Manifest.lock",
			);
			name = "[CP] Check Pods Manifest.lock";
			outputPaths = (
				"$(DERIVED_FILE_DIR)/Pods-RGEditPicture-checkManifestLockResult.txt",
			);
			runOnlyForDeploymentPostprocessing = 0;
			shellPath = /bin/sh;
			shellScript = "diff \"${PODS_PODFILE_DIR_PATH}/Podfile.lock\" \"${PODS_ROOT}/Manifest.lock\" > /dev/null\nif [ $? != 0 ] ; then\n    # print error to STDERR\n    echo \"error: The sandbox is not in sync with the Podfile.lock. Run 'pod install' or update your CocoaPods installation.\" >&2\n    exit 1\nfi\n# This output is used by Xcode 'outputs' to avoid re-running this script phase.\necho \"SUCCESS\" > \"${SCRIPT_OUTPUT_FILE_0}\"\n";
			showEnvVarsInLog = 0;
		};
		F6DCB2CD8666ECE3324AF61D /* [CP] Embed Pods Frameworks */ = {
			isa = PBXShellScriptBuildPhase;
			buildActionMask = 2147483647;
			files = (
			);
			inputPaths = (
				"${SRCROOT}/Pods/Target Support Files/Pods-RGEditPicture/Pods-RGEditPicture-frameworks.sh",
				"${BUILT_PRODUCTS_DIR}/AFNetworking/AFNetworking.framework",
				"${BUILT_PRODUCTS_DIR}/DZNEmptyDataSet/DZNEmptyDataSet.framework",
				"${BUILT_PRODUCTS_DIR}/Masonry/Masonry.framework",
				"${BUILT_PRODUCTS_DIR}/SCRecorder/SCRecorder.framework",
				"${BUILT_PRODUCTS_DIR}/SDWebImage/SDWebImage.framework",
				"${BUILT_PRODUCTS_DIR}/YYKit/YYKit.framework",
			);
			name = "[CP] Embed Pods Frameworks";
			outputPaths = (
				"${TARGET_BUILD_DIR}/${FRAMEWORKS_FOLDER_PATH}/AFNetworking.framework",
				"${TARGET_BUILD_DIR}/${FRAMEWORKS_FOLDER_PATH}/DZNEmptyDataSet.framework",
				"${TARGET_BUILD_DIR}/${FRAMEWORKS_FOLDER_PATH}/Masonry.framework",
				"${TARGET_BUILD_DIR}/${FRAMEWORKS_FOLDER_PATH}/SCRecorder.framework",
				"${TARGET_BUILD_DIR}/${FRAMEWORKS_FOLDER_PATH}/SDWebImage.framework",
				"${TARGET_BUILD_DIR}/${FRAMEWORKS_FOLDER_PATH}/YYKit.framework",
			);
			runOnlyForDeploymentPostprocessing = 0;
			shellPath = /bin/sh;
			shellScript = "\"${SRCROOT}/Pods/Target Support Files/Pods-RGEditPicture/Pods-RGEditPicture-frameworks.sh\"\n";
			showEnvVarsInLog = 0;
		};
/* End PBXShellScriptBuildPhase section */

/* Begin PBXSourcesBuildPhase section */
		CBED48F3212310FB00ABF4AA /* Sources */ = {
			isa = PBXSourcesBuildPhase;
			buildActionMask = 2147483647;
			files = (
				CBED496F21231A4100ABF4AA /* ZYTagView.m in Sources */,
				CBED49AA212323E600ABF4AA /* TZPhotoPreviewCell.m in Sources */,
				CBED4955212319E600ABF4AA /* RGEditPhotoStickerVC.m in Sources */,
				CBED497021231A4100ABF4AA /* RGRecordVideoFunctionView.m in Sources */,
				CBED49A1212323E600ABF4AA /* TZVideoPlayerController.m in Sources */,
				CBED496B21231A4100ABF4AA /* ZYTagInfo.m in Sources */,
				CBED494C212319E600ABF4AA /* RGTagViewController.m in Sources */,
				CBED497221231A4100ABF4AA /* RGEditPhotoView.m in Sources */,
				CBED494F212319E600ABF4AA /* RGPhotoImagePickerController.m in Sources */,
				CBED49A8212323E600ABF4AA /* TZImageManager.m in Sources */,
				CBED4951212319E600ABF4AA /* RGVideoImagePickerController.m in Sources */,
				CBED49AD212323E600ABF4AA /* TZGifPhotoPreviewController.m in Sources */,
				CBED49B421232C9D00ABF4AA /* BeautyPophotoItem.m in Sources */,
				CBED494B212319E600ABF4AA /* RGEditPhotosVC.m in Sources */,
				CBED496E21231A4100ABF4AA /* RGEditPhotoTagsView.m in Sources */,
				CBED49AC212323E600ABF4AA /* TZLocationManager.m in Sources */,
				CBED49A4212323E600ABF4AA /* UIView+Layout.m in Sources */,
				CBED49A2212323E600ABF4AA /* TZAssetModel.m in Sources */,
				CBED496D21231A4100ABF4AA /* UIView+ZYTagView.m in Sources */,
				CBED4952212319E600ABF4AA /* RGMediaTabBarController.m in Sources */,
				CBED4950212319E600ABF4AA /* RGEditPhotoTagVC.m in Sources */,
				CBED499F212323E600ABF4AA /* TZImageCropManager.m in Sources */,
				CBED48FF212310FB00ABF4AA /* ViewController.m in Sources */,
				CBED4956212319E600ABF4AA /* RGEditPhotosModel.m in Sources */,
				CBED496C21231A4100ABF4AA /* UIImage+PLSClip.m in Sources */,
				CBED49A5212323E600ABF4AA /* TZPhotoPreviewController.m in Sources */,
				CBED49A7212323E600ABF4AA /* TZProgressView.m in Sources */,
				CBED497121231A4100ABF4AA /* RGAddRelatedProductCell.m in Sources */,
				CBED490A212310FD00ABF4AA /* main.m in Sources */,
				CBED49A0212323E600ABF4AA /* TZAssetCell.m in Sources */,
				CBED4953212319E600ABF4AA /* RGEditVideoVC.m in Sources */,
				CBED49A9212323E600ABF4AA /* TZPhotoPickerController.m in Sources */,
				CBED4954212319E600ABF4AA /* LxGridViewFlowLayout.m in Sources */,
				CBED48FC212310FB00ABF4AA /* AppDelegate.m in Sources */,
				CBED49A3212323E600ABF4AA /* NSBundle+TZImagePicker.m in Sources */,
				CBED49AB212323E600ABF4AA /* TZImagePickerController.m in Sources */,
				CBED497321231A4100ABF4AA /* PLSClipMovieView.m in Sources */,
			);
			runOnlyForDeploymentPostprocessing = 0;
		};
		CBED490B212310FD00ABF4AA /* Sources */ = {
			isa = PBXSourcesBuildPhase;
			buildActionMask = 2147483647;
			files = (
				CBED4914212310FD00ABF4AA /* RGEditPictureTests.m in Sources */,
			);
			runOnlyForDeploymentPostprocessing = 0;
		};
		CBED4916212310FD00ABF4AA /* Sources */ = {
			isa = PBXSourcesBuildPhase;
			buildActionMask = 2147483647;
			files = (
				CBED491F212310FD00ABF4AA /* RGEditPictureUITests.m in Sources */,
			);
			runOnlyForDeploymentPostprocessing = 0;
		};
/* End PBXSourcesBuildPhase section */

/* Begin PBXTargetDependency section */
		CBED4911212310FD00ABF4AA /* PBXTargetDependency */ = {
			isa = PBXTargetDependency;
			target = CBED48F6212310FB00ABF4AA /* RGEditPicture */;
			targetProxy = CBED4910212310FD00ABF4AA /* PBXContainerItemProxy */;
		};
		CBED491C212310FD00ABF4AA /* PBXTargetDependency */ = {
			isa = PBXTargetDependency;
			target = CBED48F6212310FB00ABF4AA /* RGEditPicture */;
			targetProxy = CBED491B212310FD00ABF4AA /* PBXContainerItemProxy */;
		};
/* End PBXTargetDependency section */

/* Begin PBXVariantGroup section */
		CBED4900212310FB00ABF4AA /* Main.storyboard */ = {
			isa = PBXVariantGroup;
			children = (
				CBED4901212310FB00ABF4AA /* Base */,
			);
			name = Main.storyboard;
			sourceTree = "<group>";
		};
		CBED4905212310FD00ABF4AA /* LaunchScreen.storyboard */ = {
			isa = PBXVariantGroup;
			children = (
				CBED4906212310FD00ABF4AA /* Base */,
			);
			name = LaunchScreen.storyboard;
			sourceTree = "<group>";
		};
/* End PBXVariantGroup section */

/* Begin XCBuildConfiguration section */
		CBED4921212310FD00ABF4AA /* Debug */ = {
			isa = XCBuildConfiguration;
			buildSettings = {
				ALWAYS_SEARCH_USER_PATHS = NO;
				CLANG_ANALYZER_NONNULL = YES;
				CLANG_ANALYZER_NUMBER_OBJECT_CONVERSION = YES_AGGRESSIVE;
				CLANG_CXX_LANGUAGE_STANDARD = "gnu++14";
				CLANG_CXX_LIBRARY = "libc++";
				CLANG_ENABLE_MODULES = YES;
				CLANG_ENABLE_OBJC_ARC = YES;
				CLANG_ENABLE_OBJC_WEAK = YES;
				CLANG_WARN_BLOCK_CAPTURE_AUTORELEASING = YES;
				CLANG_WARN_BOOL_CONVERSION = YES;
				CLANG_WARN_COMMA = YES;
				CLANG_WARN_CONSTANT_CONVERSION = YES;
				CLANG_WARN_DEPRECATED_OBJC_IMPLEMENTATIONS = YES;
				CLANG_WARN_DIRECT_OBJC_ISA_USAGE = YES_ERROR;
				CLANG_WARN_DOCUMENTATION_COMMENTS = YES;
				CLANG_WARN_EMPTY_BODY = YES;
				CLANG_WARN_ENUM_CONVERSION = YES;
				CLANG_WARN_INFINITE_RECURSION = YES;
				CLANG_WARN_INT_CONVERSION = YES;
				CLANG_WARN_NON_LITERAL_NULL_CONVERSION = YES;
				CLANG_WARN_OBJC_IMPLICIT_RETAIN_SELF = YES;
				CLANG_WARN_OBJC_LITERAL_CONVERSION = YES;
				CLANG_WARN_OBJC_ROOT_CLASS = YES_ERROR;
				CLANG_WARN_RANGE_LOOP_ANALYSIS = YES;
				CLANG_WARN_STRICT_PROTOTYPES = YES;
				CLANG_WARN_SUSPICIOUS_MOVE = YES;
				CLANG_WARN_UNGUARDED_AVAILABILITY = YES_AGGRESSIVE;
				CLANG_WARN_UNREACHABLE_CODE = YES;
				CLANG_WARN__DUPLICATE_METHOD_MATCH = YES;
				CODE_SIGN_IDENTITY = "iPhone Developer";
				COPY_PHASE_STRIP = NO;
				DEBUG_INFORMATION_FORMAT = dwarf;
				ENABLE_STRICT_OBJC_MSGSEND = YES;
				ENABLE_TESTABILITY = YES;
				GCC_C_LANGUAGE_STANDARD = gnu11;
				GCC_DYNAMIC_NO_PIC = NO;
				GCC_NO_COMMON_BLOCKS = YES;
				GCC_OPTIMIZATION_LEVEL = 0;
				GCC_PREPROCESSOR_DEFINITIONS = (
					"DEBUG=1",
					"$(inherited)",
				);
				GCC_WARN_64_TO_32_BIT_CONVERSION = YES;
				GCC_WARN_ABOUT_RETURN_TYPE = YES_ERROR;
				GCC_WARN_UNDECLARED_SELECTOR = YES;
				GCC_WARN_UNINITIALIZED_AUTOS = YES_AGGRESSIVE;
				GCC_WARN_UNUSED_FUNCTION = YES;
				GCC_WARN_UNUSED_VARIABLE = YES;
				IPHONEOS_DEPLOYMENT_TARGET = 11.4;
				MTL_ENABLE_DEBUG_INFO = YES;
				ONLY_ACTIVE_ARCH = YES;
				SDKROOT = iphoneos;
			};
			name = Debug;
		};
		CBED4922212310FD00ABF4AA /* Release */ = {
			isa = XCBuildConfiguration;
			buildSettings = {
				ALWAYS_SEARCH_USER_PATHS = NO;
				CLANG_ANALYZER_NONNULL = YES;
				CLANG_ANALYZER_NUMBER_OBJECT_CONVERSION = YES_AGGRESSIVE;
				CLANG_CXX_LANGUAGE_STANDARD = "gnu++14";
				CLANG_CXX_LIBRARY = "libc++";
				CLANG_ENABLE_MODULES = YES;
				CLANG_ENABLE_OBJC_ARC = YES;
				CLANG_ENABLE_OBJC_WEAK = YES;
				CLANG_WARN_BLOCK_CAPTURE_AUTORELEASING = YES;
				CLANG_WARN_BOOL_CONVERSION = YES;
				CLANG_WARN_COMMA = YES;
				CLANG_WARN_CONSTANT_CONVERSION = YES;
				CLANG_WARN_DEPRECATED_OBJC_IMPLEMENTATIONS = YES;
				CLANG_WARN_DIRECT_OBJC_ISA_USAGE = YES_ERROR;
				CLANG_WARN_DOCUMENTATION_COMMENTS = YES;
				CLANG_WARN_EMPTY_BODY = YES;
				CLANG_WARN_ENUM_CONVERSION = YES;
				CLANG_WARN_INFINITE_RECURSION = YES;
				CLANG_WARN_INT_CONVERSION = YES;
				CLANG_WARN_NON_LITERAL_NULL_CONVERSION = YES;
				CLANG_WARN_OBJC_IMPLICIT_RETAIN_SELF = YES;
				CLANG_WARN_OBJC_LITERAL_CONVERSION = YES;
				CLANG_WARN_OBJC_ROOT_CLASS = YES_ERROR;
				CLANG_WARN_RANGE_LOOP_ANALYSIS = YES;
				CLANG_WARN_STRICT_PROTOTYPES = YES;
				CLANG_WARN_SUSPICIOUS_MOVE = YES;
				CLANG_WARN_UNGUARDED_AVAILABILITY = YES_AGGRESSIVE;
				CLANG_WARN_UNREACHABLE_CODE = YES;
				CLANG_WARN__DUPLICATE_METHOD_MATCH = YES;
				CODE_SIGN_IDENTITY = "iPhone Developer";
				COPY_PHASE_STRIP = NO;
				DEBUG_INFORMATION_FORMAT = "dwarf-with-dsym";
				ENABLE_NS_ASSERTIONS = NO;
				ENABLE_STRICT_OBJC_MSGSEND = YES;
				GCC_C_LANGUAGE_STANDARD = gnu11;
				GCC_NO_COMMON_BLOCKS = YES;
				GCC_WARN_64_TO_32_BIT_CONVERSION = YES;
				GCC_WARN_ABOUT_RETURN_TYPE = YES_ERROR;
				GCC_WARN_UNDECLARED_SELECTOR = YES;
				GCC_WARN_UNINITIALIZED_AUTOS = YES_AGGRESSIVE;
				GCC_WARN_UNUSED_FUNCTION = YES;
				GCC_WARN_UNUSED_VARIABLE = YES;
				IPHONEOS_DEPLOYMENT_TARGET = 11.4;
				MTL_ENABLE_DEBUG_INFO = NO;
				SDKROOT = iphoneos;
				VALIDATE_PRODUCT = YES;
			};
			name = Release;
		};
		CBED4924212310FD00ABF4AA /* Debug */ = {
			isa = XCBuildConfiguration;
			baseConfigurationReference = D8D9CD70CB22791B3F60EC7D /* Pods-RGEditPicture.debug.xcconfig */;
			buildSettings = {
				ASSETCATALOG_COMPILER_APPICON_NAME = AppIcon;
				CODE_SIGN_STYLE = Automatic;
				DEVELOPMENT_TEAM = MC32WL4XZA;
				GCC_PRECOMPILE_PREFIX_HEADER = YES;
				GCC_PREFIX_HEADER = RGEditPicture/RGEditPicture/Other/PrefixHeader.pch;
				INFOPLIST_FILE = RGEditPicture/Info.plist;
				LD_RUNPATH_SEARCH_PATHS = (
					"$(inherited)",
					"@executable_path/Frameworks",
				);
				PRODUCT_BUNDLE_IDENTIFIER = com.roygao.RGEditPicture;
				PRODUCT_NAME = "$(TARGET_NAME)";
				TARGETED_DEVICE_FAMILY = "1,2";
			};
			name = Debug;
		};
		CBED4925212310FD00ABF4AA /* Release */ = {
			isa = XCBuildConfiguration;
			baseConfigurationReference = 1F4FA717452F81E14A670F29 /* Pods-RGEditPicture.release.xcconfig */;
			buildSettings = {
				ASSETCATALOG_COMPILER_APPICON_NAME = AppIcon;
				CODE_SIGN_STYLE = Automatic;
				DEVELOPMENT_TEAM = MC32WL4XZA;
				GCC_PRECOMPILE_PREFIX_HEADER = YES;
				GCC_PREFIX_HEADER = RGEditPicture/RGEditPicture/Other/PrefixHeader.pch;
				INFOPLIST_FILE = RGEditPicture/Info.plist;
				LD_RUNPATH_SEARCH_PATHS = (
					"$(inherited)",
					"@executable_path/Frameworks",
				);
				PRODUCT_BUNDLE_IDENTIFIER = com.roygao.RGEditPicture;
				PRODUCT_NAME = "$(TARGET_NAME)";
				TARGETED_DEVICE_FAMILY = "1,2";
			};
			name = Release;
		};
		CBED4927212310FD00ABF4AA /* Debug */ = {
			isa = XCBuildConfiguration;
			baseConfigurationReference = 842DFCCB7109C372959D988D /* Pods-RGEditPictureTests.debug.xcconfig */;
			buildSettings = {
				BUNDLE_LOADER = "$(TEST_HOST)";
				CODE_SIGN_STYLE = Automatic;
				DEVELOPMENT_TEAM = V9M2CMWZTN;
				INFOPLIST_FILE = RGEditPictureTests/Info.plist;
				LD_RUNPATH_SEARCH_PATHS = (
					"$(inherited)",
					"@executable_path/Frameworks",
					"@loader_path/Frameworks",
				);
				PRODUCT_BUNDLE_IDENTIFIER = com.roygao.RGEditPictureTests;
				PRODUCT_NAME = "$(TARGET_NAME)";
				TARGETED_DEVICE_FAMILY = "1,2";
				TEST_HOST = "$(BUILT_PRODUCTS_DIR)/RGEditPicture.app/RGEditPicture";
			};
			name = Debug;
		};
		CBED4928212310FD00ABF4AA /* Release */ = {
			isa = XCBuildConfiguration;
			baseConfigurationReference = DF1B728C54DCCC9F5B7AED8E /* Pods-RGEditPictureTests.release.xcconfig */;
			buildSettings = {
				BUNDLE_LOADER = "$(TEST_HOST)";
				CODE_SIGN_STYLE = Automatic;
				DEVELOPMENT_TEAM = V9M2CMWZTN;
				INFOPLIST_FILE = RGEditPictureTests/Info.plist;
				LD_RUNPATH_SEARCH_PATHS = (
					"$(inherited)",
					"@executable_path/Frameworks",
					"@loader_path/Frameworks",
				);
				PRODUCT_BUNDLE_IDENTIFIER = com.roygao.RGEditPictureTests;
				PRODUCT_NAME = "$(TARGET_NAME)";
				TARGETED_DEVICE_FAMILY = "1,2";
				TEST_HOST = "$(BUILT_PRODUCTS_DIR)/RGEditPicture.app/RGEditPicture";
			};
			name = Release;
		};
		CBED492A212310FD00ABF4AA /* Debug */ = {
			isa = XCBuildConfiguration;
			buildSettings = {
				CODE_SIGN_STYLE = Automatic;
				DEVELOPMENT_TEAM = V9M2CMWZTN;
				INFOPLIST_FILE = RGEditPictureUITests/Info.plist;
				LD_RUNPATH_SEARCH_PATHS = (
					"$(inherited)",
					"@executable_path/Frameworks",
					"@loader_path/Frameworks",
				);
				PRODUCT_BUNDLE_IDENTIFIER = com.roygao.RGEditPictureUITests;
				PRODUCT_NAME = "$(TARGET_NAME)";
				TARGETED_DEVICE_FAMILY = "1,2";
				TEST_TARGET_NAME = RGEditPicture;
			};
			name = Debug;
		};
		CBED492B212310FD00ABF4AA /* Release */ = {
			isa = XCBuildConfiguration;
			buildSettings = {
				CODE_SIGN_STYLE = Automatic;
				DEVELOPMENT_TEAM = V9M2CMWZTN;
				INFOPLIST_FILE = RGEditPictureUITests/Info.plist;
				LD_RUNPATH_SEARCH_PATHS = (
					"$(inherited)",
					"@executable_path/Frameworks",
					"@loader_path/Frameworks",
				);
				PRODUCT_BUNDLE_IDENTIFIER = com.roygao.RGEditPictureUITests;
				PRODUCT_NAME = "$(TARGET_NAME)";
				TARGETED_DEVICE_FAMILY = "1,2";
				TEST_TARGET_NAME = RGEditPicture;
			};
			name = Release;
		};
/* End XCBuildConfiguration section */

/* Begin XCConfigurationList section */
		CBED48F2212310FB00ABF4AA /* Build configuration list for PBXProject "RGEditPicture" */ = {
			isa = XCConfigurationList;
			buildConfigurations = (
				CBED4921212310FD00ABF4AA /* Debug */,
				CBED4922212310FD00ABF4AA /* Release */,
			);
			defaultConfigurationIsVisible = 0;
			defaultConfigurationName = Release;
		};
		CBED4923212310FD00ABF4AA /* Build configuration list for PBXNativeTarget "RGEditPicture" */ = {
			isa = XCConfigurationList;
			buildConfigurations = (
				CBED4924212310FD00ABF4AA /* Debug */,
				CBED4925212310FD00ABF4AA /* Release */,
			);
			defaultConfigurationIsVisible = 0;
			defaultConfigurationName = Release;
		};
		CBED4926212310FD00ABF4AA /* Build configuration list for PBXNativeTarget "RGEditPictureTests" */ = {
			isa = XCConfigurationList;
			buildConfigurations = (
				CBED4927212310FD00ABF4AA /* Debug */,
				CBED4928212310FD00ABF4AA /* Release */,
			);
			defaultConfigurationIsVisible = 0;
			defaultConfigurationName = Release;
		};
		CBED4929212310FD00ABF4AA /* Build configuration list for PBXNativeTarget "RGEditPictureUITests" */ = {
			isa = XCConfigurationList;
			buildConfigurations = (
				CBED492A212310FD00ABF4AA /* Debug */,
				CBED492B212310FD00ABF4AA /* Release */,
			);
			defaultConfigurationIsVisible = 0;
			defaultConfigurationName = Release;
		};
/* End XCConfigurationList section */
	};
	rootObject = CBED48EF212310FB00ABF4AA /* Project object */;
}
